// !$*UTF8*$!
{
	archiveVersion = 1;
	classes = {
	};
	objectVersion = 50;
	objects = {

/* Begin PBXBuildFile section */
		428F54D6256C4D0200008835 /* AppDelegate.swift in Sources */ = {isa = PBXBuildFile; fileRef = 428F54D5256C4D0200008835 /* AppDelegate.swift */; };
		428F54D8256C4D0200008835 /* ViewController.swift in Sources */ = {isa = PBXBuildFile; fileRef = 428F54D7256C4D0200008835 /* ViewController.swift */; };
		428F54DA256C4D0300008835 /* Assets.xcassets in Resources */ = {isa = PBXBuildFile; fileRef = 428F54D9256C4D0300008835 /* Assets.xcassets */; };
		428F54DD256C4D0300008835 /* Main.storyboard in Resources */ = {isa = PBXBuildFile; fileRef = 428F54DB256C4D0300008835 /* Main.storyboard */; };
		42E1D0DC256D7B1B00911681 /* MainView.swift in Sources */ = {isa = PBXBuildFile; fileRef = 42E1D0DB256D7B1B00911681 /* MainView.swift */; };
		42E1D0DF256D7B6A00911681 /* shaders.metal in Sources */ = {isa = PBXBuildFile; fileRef = 42E1D0DE256D7B6A00911681 /* shaders.metal */; };
		42E1D0E2256D7F3C00911681 /* Types.swift in Sources */ = {isa = PBXBuildFile; fileRef = 42E1D0E1256D7F3C00911681 /* Types.swift */; };
		42E1D0E9256D805600911681 /* FusionCore.swift in Sources */ = {isa = PBXBuildFile; fileRef = 42E1D0E8256D805600911681 /* FusionCore.swift */; };
		42E1D0ED256D814800911681 /* Options.swift in Sources */ = {isa = PBXBuildFile; fileRef = 42E1D0EC256D814800911681 /* Options.swift */; };
		42E1D0F2256D81C400911681 /* CoreLibraries.swift in Sources */ = {isa = PBXBuildFile; fileRef = 42E1D0F1256D81C400911681 /* CoreLibraries.swift */; };
		42E1D0F6256D820300911681 /* ShaderLibrary.swift in Sources */ = {isa = PBXBuildFile; fileRef = 42E1D0F5256D820300911681 /* ShaderLibrary.swift */; };
		42E1D0F9256D841100911681 /* RenderPipelineDescriptorLibrary.swift in Sources */ = {isa = PBXBuildFile; fileRef = 42E1D0F8256D841100911681 /* RenderPipelineDescriptorLibrary.swift */; };
		42E1D0FC256D852200911681 /* VertexDescriptorLibrary.swift in Sources */ = {isa = PBXBuildFile; fileRef = 42E1D0FB256D852200911681 /* VertexDescriptorLibrary.swift */; };
		42E1D0FF256D85AF00911681 /* RenderPipelineStateLibrary.swift in Sources */ = {isa = PBXBuildFile; fileRef = 42E1D0FE256D85AF00911681 /* RenderPipelineStateLibrary.swift */; };
		42E1D104256D8B7B00911681 /* Renderer.swift in Sources */ = {isa = PBXBuildFile; fileRef = 42E1D103256D8B7B00911681 /* Renderer.swift */; };
		42E1D109256D8CEE00911681 /* Shape.swift in Sources */ = {isa = PBXBuildFile; fileRef = 42E1D108256D8CEE00911681 /* Shape.swift */; };
		42E1D10D256D8F1800911681 /* Mesh.swift in Sources */ = {isa = PBXBuildFile; fileRef = 42E1D10C256D8F1800911681 /* Mesh.swift */; };
		42E1D110256D90DC00911681 /* MeshLibrary.swift in Sources */ = {isa = PBXBuildFile; fileRef = 42E1D10F256D90DC00911681 /* MeshLibrary.swift */; };
		42E1D114256D94F700911681 /* Node.swift in Sources */ = {isa = PBXBuildFile; fileRef = 42E1D113256D94F700911681 /* Node.swift */; };
		42E1D118256D953100911681 /* Renderable.swift in Sources */ = {isa = PBXBuildFile; fileRef = 42E1D117256D953100911681 /* Renderable.swift */; };
/* End PBXBuildFile section */

/* Begin PBXFileReference section */
		428F54D2256C4D0200008835 /* Cook3D.app */ = {isa = PBXFileReference; explicitFileType = wrapper.application; includeInIndex = 0; path = Cook3D.app; sourceTree = BUILT_PRODUCTS_DIR; };
		428F54D5256C4D0200008835 /* AppDelegate.swift */ = {isa = PBXFileReference; lastKnownFileType = sourcecode.swift; path = AppDelegate.swift; sourceTree = "<group>"; };
		428F54D7256C4D0200008835 /* ViewController.swift */ = {isa = PBXFileReference; lastKnownFileType = sourcecode.swift; path = ViewController.swift; sourceTree = "<group>"; };
		428F54D9256C4D0300008835 /* Assets.xcassets */ = {isa = PBXFileReference; lastKnownFileType = folder.assetcatalog; path = Assets.xcassets; sourceTree = "<group>"; };
		428F54DC256C4D0300008835 /* Base */ = {isa = PBXFileReference; lastKnownFileType = file.storyboard; name = Base; path = Base.lproj/Main.storyboard; sourceTree = "<group>"; };
		428F54DE256C4D0300008835 /* Info.plist */ = {isa = PBXFileReference; lastKnownFileType = text.plist.xml; path = Info.plist; sourceTree = "<group>"; };
		428F54DF256C4D0300008835 /* Cook3D.entitlements */ = {isa = PBXFileReference; lastKnownFileType = text.plist.entitlements; path = Cook3D.entitlements; sourceTree = "<group>"; };
		42E1D0DB256D7B1B00911681 /* MainView.swift */ = {isa = PBXFileReference; lastKnownFileType = sourcecode.swift; path = MainView.swift; sourceTree = "<group>"; };
		42E1D0DE256D7B6A00911681 /* shaders.metal */ = {isa = PBXFileReference; lastKnownFileType = sourcecode.metal; path = shaders.metal; sourceTree = "<group>"; };
		42E1D0E1256D7F3C00911681 /* Types.swift */ = {isa = PBXFileReference; lastKnownFileType = sourcecode.swift; path = Types.swift; sourceTree = "<group>"; };
		42E1D0E8256D805600911681 /* FusionCore.swift */ = {isa = PBXFileReference; lastKnownFileType = sourcecode.swift; path = FusionCore.swift; sourceTree = "<group>"; };
		42E1D0EC256D814800911681 /* Options.swift */ = {isa = PBXFileReference; lastKnownFileType = sourcecode.swift; path = Options.swift; sourceTree = "<group>"; };
		42E1D0F1256D81C400911681 /* CoreLibraries.swift */ = {isa = PBXFileReference; lastKnownFileType = sourcecode.swift; path = CoreLibraries.swift; sourceTree = "<group>"; };
		42E1D0F5256D820300911681 /* ShaderLibrary.swift */ = {isa = PBXFileReference; lastKnownFileType = sourcecode.swift; path = ShaderLibrary.swift; sourceTree = "<group>"; };
		42E1D0F8256D841100911681 /* RenderPipelineDescriptorLibrary.swift */ = {isa = PBXFileReference; lastKnownFileType = sourcecode.swift; path = RenderPipelineDescriptorLibrary.swift; sourceTree = "<group>"; };
		42E1D0FB256D852200911681 /* VertexDescriptorLibrary.swift */ = {isa = PBXFileReference; lastKnownFileType = sourcecode.swift; path = VertexDescriptorLibrary.swift; sourceTree = "<group>"; };
		42E1D0FE256D85AF00911681 /* RenderPipelineStateLibrary.swift */ = {isa = PBXFileReference; lastKnownFileType = sourcecode.swift; path = RenderPipelineStateLibrary.swift; sourceTree = "<group>"; };
		42E1D103256D8B7B00911681 /* Renderer.swift */ = {isa = PBXFileReference; lastKnownFileType = sourcecode.swift; path = Renderer.swift; sourceTree = "<group>"; };
		42E1D108256D8CEE00911681 /* Shape.swift */ = {isa = PBXFileReference; lastKnownFileType = sourcecode.swift; path = Shape.swift; sourceTree = "<group>"; };
		42E1D10C256D8F1800911681 /* Mesh.swift */ = {isa = PBXFileReference; lastKnownFileType = sourcecode.swift; path = Mesh.swift; sourceTree = "<group>"; };
		42E1D10F256D90DC00911681 /* MeshLibrary.swift */ = {isa = PBXFileReference; lastKnownFileType = sourcecode.swift; path = MeshLibrary.swift; sourceTree = "<group>"; };
		42E1D113256D94F700911681 /* Node.swift */ = {isa = PBXFileReference; lastKnownFileType = sourcecode.swift; path = Node.swift; sourceTree = "<group>"; };
		42E1D117256D953100911681 /* Renderable.swift */ = {isa = PBXFileReference; lastKnownFileType = sourcecode.swift; path = Renderable.swift; sourceTree = "<group>"; };
/* End PBXFileReference section */

/* Begin PBXFrameworksBuildPhase section */
		428F54CF256C4D0200008835 /* Frameworks */ = {
			isa = PBXFrameworksBuildPhase;
			buildActionMask = 2147483647;
			files = (
			);
			runOnlyForDeploymentPostprocessing = 0;
		};
/* End PBXFrameworksBuildPhase section */

/* Begin PBXGroup section */
		428F54C9256C4D0200008835 = {
			isa = PBXGroup;
			children = (
				428F54D4256C4D0200008835 /* Cook3D */,
				428F54D3256C4D0200008835 /* Products */,
			);
			sourceTree = "<group>";
		};
		428F54D3256C4D0200008835 /* Products */ = {
			isa = PBXGroup;
			children = (
				428F54D2256C4D0200008835 /* Cook3D.app */,
			);
			name = Products;
			sourceTree = "<group>";
		};
		428F54D4256C4D0200008835 /* Cook3D */ = {
			isa = PBXGroup;
			children = (
				42E1D107256D8CD100911681 /* Shapes */,
				42E1D0F0256D818900911681 /* CoreLibraries */,
				42E1D0E7256D7FFA00911681 /* ToolCore */,
				42E1D0E6256D7FEA00911681 /* UIView */,
				42E1D0E5256D7FE000911681 /* Utilities */,
				42E1D0E4256D7FA800911681 /* Shaders */,
				428F54D5256C4D0200008835 /* AppDelegate.swift */,
				428F54D7256C4D0200008835 /* ViewController.swift */,
				428F54D9256C4D0300008835 /* Assets.xcassets */,
				428F54DB256C4D0300008835 /* Main.storyboard */,
				428F54DE256C4D0300008835 /* Info.plist */,
				428F54DF256C4D0300008835 /* Cook3D.entitlements */,
			);
			path = Cook3D;
			sourceTree = "<group>";
		};
		42E1D0E4256D7FA800911681 /* Shaders */ = {
			isa = PBXGroup;
			children = (
				42E1D0DE256D7B6A00911681 /* shaders.metal */,
			);
			path = Shaders;
			sourceTree = "<group>";
		};
		42E1D0E5256D7FE000911681 /* Utilities */ = {
			isa = PBXGroup;
			children = (
				42E1D0E1256D7F3C00911681 /* Types.swift */,
				42E1D0EC256D814800911681 /* Options.swift */,
			);
			path = Utilities;
			sourceTree = "<group>";
		};
		42E1D0E6256D7FEA00911681 /* UIView */ = {
			isa = PBXGroup;
			children = (
				42E1D102256D8B6C00911681 /* Rendering */,
				42E1D0DB256D7B1B00911681 /* MainView.swift */,
			);
			path = UIView;
			sourceTree = "<group>";
		};
		42E1D0E7256D7FFA00911681 /* ToolCore */ = {
			isa = PBXGroup;
			children = (
				42E1D0EB256D813800911681 /* EntryPoint */,
			);
			path = ToolCore;
			sourceTree = "<group>";
		};
		42E1D0EB256D813800911681 /* EntryPoint */ = {
			isa = PBXGroup;
			children = (
				42E1D0E8256D805600911681 /* FusionCore.swift */,
			);
			path = EntryPoint;
			sourceTree = "<group>";
		};
		42E1D0F0256D818900911681 /* CoreLibraries */ = {
			isa = PBXGroup;
			children = (
				42E1D0F1256D81C400911681 /* CoreLibraries.swift */,
				42E1D0F5256D820300911681 /* ShaderLibrary.swift */,
				42E1D0F8256D841100911681 /* RenderPipelineDescriptorLibrary.swift */,
				42E1D0FE256D85AF00911681 /* RenderPipelineStateLibrary.swift */,
				42E1D0FB256D852200911681 /* VertexDescriptorLibrary.swift */,
				42E1D10F256D90DC00911681 /* MeshLibrary.swift */,
			);
			path = CoreLibraries;
			sourceTree = "<group>";
		};
		42E1D102256D8B6C00911681 /* Rendering */ = {
			isa = PBXGroup;
			children = (
				42E1D103256D8B7B00911681 /* Renderer.swift */,
			);
			path = Rendering;
			sourceTree = "<group>";
		};
		42E1D107256D8CD100911681 /* Shapes */ = {
			isa = PBXGroup;
			children = (
				42E1D116256D94FC00911681 /* Protocols */,
				42E1D108256D8CEE00911681 /* Shape.swift */,
				42E1D10C256D8F1800911681 /* Mesh.swift */,
				42E1D113256D94F700911681 /* Node.swift */,
			);
			path = Shapes;
			sourceTree = "<group>";
		};
		42E1D116256D94FC00911681 /* Protocols */ = {
			isa = PBXGroup;
			children = (
				42E1D117256D953100911681 /* Renderable.swift */,
			);
			path = Protocols;
			sourceTree = "<group>";
		};
/* End PBXGroup section */

/* Begin PBXNativeTarget section */
		428F54D1256C4D0200008835 /* Cook3D */ = {
			isa = PBXNativeTarget;
			buildConfigurationList = 428F54E2256C4D0300008835 /* Build configuration list for PBXNativeTarget "Cook3D" */;
			buildPhases = (
				428F54CE256C4D0200008835 /* Sources */,
				428F54CF256C4D0200008835 /* Frameworks */,
				428F54D0256C4D0200008835 /* Resources */,
			);
			buildRules = (
			);
			dependencies = (
			);
			name = Cook3D;
			productName = Cook3D;
			productReference = 428F54D2256C4D0200008835 /* Cook3D.app */;
			productType = "com.apple.product-type.application";
		};
/* End PBXNativeTarget section */

/* Begin PBXProject section */
		428F54CA256C4D0200008835 /* Project object */ = {
			isa = PBXProject;
			attributes = {
				LastSwiftUpdateCheck = 1220;
				LastUpgradeCheck = 1220;
				TargetAttributes = {
					428F54D1256C4D0200008835 = {
						CreatedOnToolsVersion = 12.2;
					};
				};
			};
			buildConfigurationList = 428F54CD256C4D0200008835 /* Build configuration list for PBXProject "Cook3D" */;
			compatibilityVersion = "Xcode 9.3";
			developmentRegion = en;
			hasScannedForEncodings = 0;
			knownRegions = (
				en,
				Base,
			);
			mainGroup = 428F54C9256C4D0200008835;
			productRefGroup = 428F54D3256C4D0200008835 /* Products */;
			projectDirPath = "";
			projectRoot = "";
			targets = (
				428F54D1256C4D0200008835 /* Cook3D */,
			);
		};
/* End PBXProject section */

/* Begin PBXResourcesBuildPhase section */
		428F54D0256C4D0200008835 /* Resources */ = {
			isa = PBXResourcesBuildPhase;
			buildActionMask = 2147483647;
			files = (
				428F54DA256C4D0300008835 /* Assets.xcassets in Resources */,
				428F54DD256C4D0300008835 /* Main.storyboard in Resources */,
			);
			runOnlyForDeploymentPostprocessing = 0;
		};
/* End PBXResourcesBuildPhase section */

/* Begin PBXSourcesBuildPhase section */
		428F54CE256C4D0200008835 /* Sources */ = {
			isa = PBXSourcesBuildPhase;
			buildActionMask = 2147483647;
			files = (
				42E1D0F9256D841100911681 /* RenderPipelineDescriptorLibrary.swift in Sources */,
				42E1D0DF256D7B6A00911681 /* shaders.metal in Sources */,
				42E1D0F6256D820300911681 /* ShaderLibrary.swift in Sources */,
				42E1D118256D953100911681 /* Renderable.swift in Sources */,
				428F54D8256C4D0200008835 /* ViewController.swift in Sources */,
				42E1D0FC256D852200911681 /* VertexDescriptorLibrary.swift in Sources */,
				42E1D104256D8B7B00911681 /* Renderer.swift in Sources */,
				42E1D0E9256D805600911681 /* FusionCore.swift in Sources */,
				42E1D0FF256D85AF00911681 /* RenderPipelineStateLibrary.swift in Sources */,
				42E1D0DC256D7B1B00911681 /* MainView.swift in Sources */,
				42E1D10D256D8F1800911681 /* Mesh.swift in Sources */,
				42E1D114256D94F700911681 /* Node.swift in Sources */,
				42E1D0E2256D7F3C00911681 /* Types.swift in Sources */,
				428F54D6256C4D0200008835 /* AppDelegate.swift in Sources */,
				42E1D0ED256D814800911681 /* Options.swift in Sources */,
				42E1D109256D8CEE00911681 /* Shape.swift in Sources */,
				42E1D110256D90DC00911681 /* MeshLibrary.swift in Sources */,
				42E1D0F2256D81C400911681 /* CoreLibraries.swift in Sources */,
			);
			runOnlyForDeploymentPostprocessing = 0;
		};
/* End PBXSourcesBuildPhase section */

/* Begin PBXVariantGroup section */
		428F54DB256C4D0300008835 /* Main.storyboard */ = {
			isa = PBXVariantGroup;
			children = (
				428F54DC256C4D0300008835 /* Base */,
			);
			name = Main.storyboard;
			sourceTree = "<group>";
		};
/* End PBXVariantGroup section */

/* Begin XCBuildConfiguration section */
		428F54E0256C4D0300008835 /* Debug */ = {
			isa = XCBuildConfiguration;
			buildSettings = {
				ALWAYS_SEARCH_USER_PATHS = NO;
				CLANG_ANALYZER_NONNULL = YES;
				CLANG_ANALYZER_NUMBER_OBJECT_CONVERSION = YES_AGGRESSIVE;
				CLANG_CXX_LANGUAGE_STANDARD = "gnu++14";
				CLANG_CXX_LIBRARY = "libc++";
				CLANG_ENABLE_MODULES = YES;
				CLANG_ENABLE_OBJC_ARC = YES;
				CLANG_ENABLE_OBJC_WEAK = YES;
				CLANG_WARN_BLOCK_CAPTURE_AUTORELEASING = YES;
				CLANG_WARN_BOOL_CONVERSION = YES;
				CLANG_WARN_COMMA = YES;
				CLANG_WARN_CONSTANT_CONVERSION = YES;
				CLANG_WARN_DEPRECATED_OBJC_IMPLEMENTATIONS = YES;
				CLANG_WARN_DIRECT_OBJC_ISA_USAGE = YES_ERROR;
				CLANG_WARN_DOCUMENTATION_COMMENTS = YES;
				CLANG_WARN_EMPTY_BODY = YES;
				CLANG_WARN_ENUM_CONVERSION = YES;
				CLANG_WARN_INFINITE_RECURSION = YES;
				CLANG_WARN_INT_CONVERSION = YES;
				CLANG_WARN_NON_LITERAL_NULL_CONVERSION = YES;
				CLANG_WARN_OBJC_IMPLICIT_RETAIN_SELF = YES;
				CLANG_WARN_OBJC_LITERAL_CONVERSION = YES;
				CLANG_WARN_OBJC_ROOT_CLASS = YES_ERROR;
				CLANG_WARN_QUOTED_INCLUDE_IN_FRAMEWORK_HEADER = YES;
				CLANG_WARN_RANGE_LOOP_ANALYSIS = YES;
				CLANG_WARN_STRICT_PROTOTYPES = YES;
				CLANG_WARN_SUSPICIOUS_MOVE = YES;
				CLANG_WARN_UNGUARDED_AVAILABILITY = YES_AGGRESSIVE;
				CLANG_WARN_UNREACHABLE_CODE = YES;
				CLANG_WARN__DUPLICATE_METHOD_MATCH = YES;
				COPY_PHASE_STRIP = NO;
				DEBUG_INFORMATION_FORMAT = dwarf;
				ENABLE_STRICT_OBJC_MSGSEND = YES;
				ENABLE_TESTABILITY = YES;
				GCC_C_LANGUAGE_STANDARD = gnu11;
				GCC_DYNAMIC_NO_PIC = NO;
				GCC_NO_COMMON_BLOCKS = YES;
				GCC_OPTIMIZATION_LEVEL = 0;
				GCC_PREPROCESSOR_DEFINITIONS = (
					"DEBUG=1",
					"$(inherited)",
				);
				GCC_WARN_64_TO_32_BIT_CONVERSION = YES;
				GCC_WARN_ABOUT_RETURN_TYPE = YES_ERROR;
				GCC_WARN_UNDECLARED_SELECTOR = YES;
				GCC_WARN_UNINITIALIZED_AUTOS = YES_AGGRESSIVE;
				GCC_WARN_UNUSED_FUNCTION = YES;
				GCC_WARN_UNUSED_VARIABLE = YES;
				MACOSX_DEPLOYMENT_TARGET = 11.0;
				MTL_ENABLE_DEBUG_INFO = INCLUDE_SOURCE;
				MTL_FAST_MATH = YES;
				ONLY_ACTIVE_ARCH = YES;
				SDKROOT = macosx;
				SWIFT_ACTIVE_COMPILATION_CONDITIONS = DEBUG;
				SWIFT_OPTIMIZATION_LEVEL = "-Onone";
			};
			name = Debug;
		};
		428F54E1256C4D0300008835 /* Release */ = {
			isa = XCBuildConfiguration;
			buildSettings = {
				ALWAYS_SEARCH_USER_PATHS = NO;
				CLANG_ANALYZER_NONNULL = YES;
				CLANG_ANALYZER_NUMBER_OBJECT_CONVERSION = YES_AGGRESSIVE;
				CLANG_CXX_LANGUAGE_STANDARD = "gnu++14";
				CLANG_CXX_LIBRARY = "libc++";
				CLANG_ENABLE_MODULES = YES;
				CLANG_ENABLE_OBJC_ARC = YES;
				CLANG_ENABLE_OBJC_WEAK = YES;
				CLANG_WARN_BLOCK_CAPTURE_AUTORELEASING = YES;
				CLANG_WARN_BOOL_CONVERSION = YES;
				CLANG_WARN_COMMA = YES;
				CLANG_WARN_CONSTANT_CONVERSION = YES;
				CLANG_WARN_DEPRECATED_OBJC_IMPLEMENTATIONS = YES;
				CLANG_WARN_DIRECT_OBJC_ISA_USAGE = YES_ERROR;
				CLANG_WARN_DOCUMENTATION_COMMENTS = YES;
				CLANG_WARN_EMPTY_BODY = YES;
				CLANG_WARN_ENUM_CONVERSION = YES;
				CLANG_WARN_INFINITE_RECURSION = YES;
				CLANG_WARN_INT_CONVERSION = YES;
				CLANG_WARN_NON_LITERAL_NULL_CONVERSION = YES;
				CLANG_WARN_OBJC_IMPLICIT_RETAIN_SELF = YES;
				CLANG_WARN_OBJC_LITERAL_CONVERSION = YES;
				CLANG_WARN_OBJC_ROOT_CLASS = YES_ERROR;
				CLANG_WARN_QUOTED_INCLUDE_IN_FRAMEWORK_HEADER = YES;
				CLANG_WARN_RANGE_LOOP_ANALYSIS = YES;
				CLANG_WARN_STRICT_PROTOTYPES = YES;
				CLANG_WARN_SUSPICIOUS_MOVE = YES;
				CLANG_WARN_UNGUARDED_AVAILABILITY = YES_AGGRESSIVE;
				CLANG_WARN_UNREACHABLE_CODE = YES;
				CLANG_WARN__DUPLICATE_METHOD_MATCH = YES;
				COPY_PHASE_STRIP = NO;
				DEBUG_INFORMATION_FORMAT = "dwarf-with-dsym";
				ENABLE_NS_ASSERTIONS = NO;
				ENABLE_STRICT_OBJC_MSGSEND = YES;
				GCC_C_LANGUAGE_STANDARD = gnu11;
				GCC_NO_COMMON_BLOCKS = YES;
				GCC_WARN_64_TO_32_BIT_CONVERSION = YES;
				GCC_WARN_ABOUT_RETURN_TYPE = YES_ERROR;
				GCC_WARN_UNDECLARED_SELECTOR = YES;
				GCC_WARN_UNINITIALIZED_AUTOS = YES_AGGRESSIVE;
				GCC_WARN_UNUSED_FUNCTION = YES;
				GCC_WARN_UNUSED_VARIABLE = YES;
				MACOSX_DEPLOYMENT_TARGET = 11.0;
				MTL_ENABLE_DEBUG_INFO = NO;
				MTL_FAST_MATH = YES;
				SDKROOT = macosx;
				SWIFT_COMPILATION_MODE = wholemodule;
				SWIFT_OPTIMIZATION_LEVEL = "-O";
			};
			name = Release;
		};
		428F54E3256C4D0300008835 /* Debug */ = {
			isa = XCBuildConfiguration;
			buildSettings = {
				ASSETCATALOG_COMPILER_APPICON_NAME = AppIcon;
				ASSETCATALOG_COMPILER_GLOBAL_ACCENT_COLOR_NAME = AccentColor;
				CODE_SIGN_ENTITLEMENTS = Cook3D/Cook3D.entitlements;
				CODE_SIGN_STYLE = Automatic;
				COMBINE_HIDPI_IMAGES = YES;
				DEVELOPMENT_TEAM = P8H8Z2Y258;
				ENABLE_HARDENED_RUNTIME = YES;
				INFOPLIST_FILE = Cook3D/Info.plist;
				LD_RUNPATH_SEARCH_PATHS = (
					"$(inherited)",
					"@executable_path/../Frameworks",
				);
				PRODUCT_BUNDLE_IDENTIFIER = unibodydesignn.Cook3D;
				PRODUCT_NAME = "$(TARGET_NAME)";
				SWIFT_VERSION = 5.0;
			};
			name = Debug;
		};
		428F54E4256C4D0300008835 /* Release */ = {
			isa = XCBuildConfiguration;
			buildSettings = {
				ASSETCATALOG_COMPILER_APPICON_NAME = AppIcon;
				ASSETCATALOG_COMPILER_GLOBAL_ACCENT_COLOR_NAME = AccentColor;
				CODE_SIGN_ENTITLEMENTS = Cook3D/Cook3D.entitlements;
				CODE_SIGN_STYLE = Automatic;
				COMBINE_HIDPI_IMAGES = YES;
				DEVELOPMENT_TEAM = P8H8Z2Y258;
				ENABLE_HARDENED_RUNTIME = YES;
				INFOPLIST_FILE = Cook3D/Info.plist;
				LD_RUNPATH_SEARCH_PATHS = (
					"$(inherited)",
					"@executable_path/../Frameworks",
				);
				PRODUCT_BUNDLE_IDENTIFIER = unibodydesignn.Cook3D;
				PRODUCT_NAME = "$(TARGET_NAME)";
				SWIFT_VERSION = 5.0;
			};
			name = Release;
		};
/* End XCBuildConfiguration section */

/* Begin XCConfigurationList section */
		428F54CD256C4D0200008835 /* Build configuration list for PBXProject "Cook3D" */ = {
			isa = XCConfigurationList;
			buildConfigurations = (
				428F54E0256C4D0300008835 /* Debug */,
				428F54E1256C4D0300008835 /* Release */,
			);
			defaultConfigurationIsVisible = 0;
			defaultConfigurationName = Release;
		};
		428F54E2256C4D0300008835 /* Build configuration list for PBXNativeTarget "Cook3D" */ = {
			isa = XCConfigurationList;
			buildConfigurations = (
				428F54E3256C4D0300008835 /* Debug */,
				428F54E4256C4D0300008835 /* Release */,
			);
			defaultConfigurationIsVisible = 0;
			defaultConfigurationName = Release;
		};
/* End XCConfigurationList section */
	};
	rootObject = 428F54CA256C4D0200008835 /* Project object */;
}
